// !$*UTF8*$!
{
	archiveVersion = 1;
	classes = {
	};
	objectVersion = 48;
	objects = {

/* Begin PBXBuildFile section */
		5287F2771F7E75EA004898AF /* AppDelegate.swift in Sources */ = {isa = PBXBuildFile; fileRef = 5287F2761F7E75EA004898AF /* AppDelegate.swift */; };
		5287F2791F7E75EA004898AF /* ViewController.swift in Sources */ = {isa = PBXBuildFile; fileRef = 5287F2781F7E75EA004898AF /* ViewController.swift */; };
		5287F27C1F7E75EA004898AF /* Main.storyboard in Resources */ = {isa = PBXBuildFile; fileRef = 5287F27A1F7E75EA004898AF /* Main.storyboard */; };
		5287F27E1F7E75EA004898AF /* Assets.xcassets in Resources */ = {isa = PBXBuildFile; fileRef = 5287F27D1F7E75EA004898AF /* Assets.xcassets */; };
		5287F2811F7E75EA004898AF /* LaunchScreen.storyboard in Resources */ = {isa = PBXBuildFile; fileRef = 5287F27F1F7E75EA004898AF /* LaunchScreen.storyboard */; };
/* End PBXBuildFile section */

/* Begin PBXFileReference section */
		5287F2731F7E75EA004898AF /* RoleTheDices.app */ = {isa = PBXFileReference; explicitFileType = wrapper.application; includeInIndex = 0; path = RoleTheDices.app; sourceTree = BUILT_PRODUCTS_DIR; };
		5287F2761F7E75EA004898AF /* AppDelegate.swift */ = {isa = PBXFileReference; lastKnownFileType = sourcecode.swift; path = AppDelegate.swift; sourceTree = "<group>"; };
		5287F2781F7E75EA004898AF /* ViewController.swift */ = {isa = PBXFileReference; lastKnownFileType = sourcecode.swift; path = ViewController.swift; sourceTree = "<group>"; };
		5287F27B1F7E75EA004898AF /* Base */ = {isa = PBXFileReference; lastKnownFileType = file.storyboard; name = Base; path = Base.lproj/Main.storyboard; sourceTree = "<group>"; };
		5287F27D1F7E75EA004898AF /* Assets.xcassets */ = {isa = PBXFileReference; lastKnownFileType = folder.assetcatalog; path = Assets.xcassets; sourceTree = "<group>"; };
		5287F2801F7E75EA004898AF /* Base */ = {isa = PBXFileReference; lastKnownFileType = file.storyboard; name = Base; path = Base.lproj/LaunchScreen.storyboard; sourceTree = "<group>"; };
		5287F2821F7E75EA004898AF /* Info.plist */ = {isa = PBXFileReference; lastKnownFileType = text.plist.xml; path = Info.plist; sourceTree = "<group>"; };
/* End PBXFileReference section */

/* Begin PBXFrameworksBuildPhase section */
		5287F2701F7E75EA004898AF /* Frameworks */ = {
			isa = PBXFrameworksBuildPhase;
			buildActionMask = 2147483647;
			files = (
			);
			runOnlyForDeploymentPostprocessing = 0;
		};
/* End PBXFrameworksBuildPhase section */

/* Begin PBXGroup section */
		5287F26A1F7E75EA004898AF = {
			isa = PBXGroup;
			children = (
				5287F2751F7E75EA004898AF /* RoleTheDices */,
				5287F2741F7E75EA004898AF /* Products */,
			);
			sourceTree = "<group>";
		};
		5287F2741F7E75EA004898AF /* Products */ = {
			isa = PBXGroup;
			children = (
				5287F2731F7E75EA004898AF /* RoleTheDices.app */,
			);
			name = Products;
			sourceTree = "<group>";
		};
		5287F2751F7E75EA004898AF /* RoleTheDices */ = {
			isa = PBXGroup;
			children = (
				5287F2761F7E75EA004898AF /* AppDelegate.swift */,
				5287F2781F7E75EA004898AF /* ViewController.swift */,
				5287F27A1F7E75EA004898AF /* Main.storyboard */,
				5287F27D1F7E75EA004898AF /* Assets.xcassets */,
				5287F27F1F7E75EA004898AF /* LaunchScreen.storyboard */,
				5287F2821F7E75EA004898AF /* Info.plist */,
			);
			path = RoleTheDices;
			sourceTree = "<group>";
		};
/* End PBXGroup section */

/* Begin PBXNativeTarget section */
		5287F2721F7E75EA004898AF /* RoleTheDices */ = {
			isa = PBXNativeTarget;
			buildConfigurationList = 5287F2851F7E75EA004898AF /* Build configuration list for PBXNativeTarget "RoleTheDices" */;
			buildPhases = (
				5287F26F1F7E75EA004898AF /* Sources */,
				5287F2701F7E75EA004898AF /* Frameworks */,
				5287F2711F7E75EA004898AF /* Resources */,
			);
			buildRules = (
			);
			dependencies = (
			);
			name = RoleTheDices;
			productName = RoleTheDices;
			productReference = 5287F2731F7E75EA004898AF /* RoleTheDices.app */;
			productType = "com.apple.product-type.application";
		};
/* End PBXNativeTarget section */

/* Begin PBXProject section */
		5287F26B1F7E75EA004898AF /* Project object */ = {
			isa = PBXProject;
			attributes = {
				LastSwiftUpdateCheck = 0900;
				LastUpgradeCheck = 0900;
				ORGANIZATIONNAME = "Miftah Mac";
				TargetAttributes = {
					5287F2721F7E75EA004898AF = {
						CreatedOnToolsVersion = 9.0;
						ProvisioningStyle = Automatic;
					};
				};
			};
			buildConfigurationList = 5287F26E1F7E75EA004898AF /* Build configuration list for PBXProject "RoleTheDices" */;
			compatibilityVersion = "Xcode 8.0";
			developmentRegion = en;
			hasScannedForEncodings = 0;
			knownRegions = (
				en,
				Base,
			);
			mainGroup = 5287F26A1F7E75EA004898AF;
			productRefGroup = 5287F2741F7E75EA004898AF /* Products */;
			projectDirPath = "";
			projectRoot = "";
			targets = (
				5287F2721F7E75EA004898AF /* RoleTheDices */,
			);
		};
/* End PBXProject section */

/* Begin PBXResourcesBuildPhase section */
		5287F2711F7E75EA004898AF /* Resources */ = {
			isa = PBXResourcesBuildPhase;
			buildActionMask = 2147483647;
			files = (
				5287F2811F7E75EA004898AF /* LaunchScreen.storyboard in Resources */,
				5287F27E1F7E75EA004898AF /* Assets.xcassets in Resources */,
				5287F27C1F7E75EA004898AF /* Main.storyboard in Resources */,
			);
			runOnlyForDeploymentPostprocessing = 0;
		};
/* End PBXResourcesBuildPhase section */

/* Begin PBXSourcesBuildPhase section */
		5287F26F1F7E75EA004898AF /* Sources */ = {
			isa = PBXSourcesBuildPhase;
			buildActionMask = 2147483647;
			files = (
				5287F2791F7E75EA004898AF /* ViewController.swift in Sources */,
				5287F2771F7E75EA004898AF /* AppDelegate.swift in Sources */,
			);
			runOnlyForDeploymentPostprocessing = 0;
		};
/* End PBXSourcesBuildPhase section */

/* Begin PBXVariantGroup section */
		5287F27A1F7E75EA004898AF /* Main.storyboard */ = {
			isa = PBXVariantGroup;
			children = (
				5287F27B1F7E75EA004898AF /* Base */,
			);
			name = Main.storyboard;
			sourceTree = "<group>";
		};
		5287F27F1F7E75EA004898AF /* LaunchScreen.storyboard */ = {
			isa = PBXVariantGroup;
			children = (
				5287F2801F7E75EA004898AF /* Base */,
			);
			name = LaunchScreen.storyboard;
			sourceTree = "<group>";
		};
/* End PBXVariantGroup section */

/* Begin XCBuildConfiguration section */
		5287F2831F7E75EA004898AF /* Debug */ = {
			isa = XCBuildConfiguration;
			buildSettings = {
				ALWAYS_SEARCH_USER_PATHS = NO;
				CLANG_ANALYZER_NONNULL = YES;
				CLANG_ANALYZER_NUMBER_OBJECT_CONVERSION = YES_AGGRESSIVE;
				CLANG_CXX_LANGUAGE_STANDARD = "gnu++14";
				CLANG_CXX_LIBRARY = "libc++";
				CLANG_ENABLE_MODULES = YES;
				CLANG_ENABLE_OBJC_ARC = YES;
				CLANG_WARN_BLOCK_CAPTURE_AUTORELEASING = YES;
				CLANG_WARN_BOOL_CONVERSION = YES;
				CLANG_WARN_COMMA = YES;
				CLANG_WARN_CONSTANT_CONVERSION = YES;
				CLANG_WARN_DIRECT_OBJC_ISA_USAGE = YES_ERROR;
				CLANG_WARN_DOCUMENTATION_COMMENTS = YES;
				CLANG_WARN_EMPTY_BODY = YES;
				CLANG_WARN_ENUM_CONVERSION = YES;
				CLANG_WARN_INFINITE_RECURSION = YES;
				CLANG_WARN_INT_CONVERSION = YES;
				CLANG_WARN_NON_LITERAL_NULL_CONVERSION = YES;
				CLANG_WARN_OBJC_LITERAL_CONVERSION = YES;
				CLANG_WARN_OBJC_ROOT_CLASS = YES_ERROR;
				CLANG_WARN_RANGE_LOOP_ANALYSIS = YES;
				CLANG_WARN_STRICT_PROTOTYPES = YES;
				CLANG_WARN_SUSPICIOUS_MOVE = YES;
				CLANG_WARN_UNGUARDED_AVAILABILITY = YES_AGGRESSIVE;
				CLANG_WARN_UNREACHABLE_CODE = YES;
				CLANG_WARN__DUPLICATE_METHOD_MATCH = YES;
				CODE_SIGN_IDENTITY = "iPhone Developer";
				COPY_PHASE_STRIP = NO;
				DEBUG_INFORMATION_FORMAT = dwarf;
				ENABLE_STRICT_OBJC_MSGSEND = YES;
				ENABLE_TESTABILITY = YES;
				GCC_C_LANGUAGE_STANDARD = gnu11;
				GCC_DYNAMIC_NO_PIC = NO;
				GCC_NO_COMMON_BLOCKS = YES;
				GCC_OPTIMIZATION_LEVEL = 0;
				GCC_PREPROCESSOR_DEFINITIONS = (
					"DEBUG=1",
					"$(inherited)",
				);
				GCC_WARN_64_TO_32_BIT_CONVERSION = YES;
				GCC_WARN_ABOUT_RETURN_TYPE = YES_ERROR;
				GCC_WARN_UNDECLARED_SELECTOR = YES;
				GCC_WARN_UNINITIALIZED_AUTOS = YES_AGGRESSIVE;
				GCC_WARN_UNUSED_FUNCTION = YES;
				GCC_WARN_UNUSED_VARIABLE = YES;
				IPHONEOS_DEPLOYMENT_TARGET = 11.0;
				MTL_ENABLE_DEBUG_INFO = YES;
				ONLY_ACTIVE_ARCH = YES;
				SDKROOT = iphoneos;
				SWIFT_ACTIVE_COMPILATION_CONDITIONS = DEBUG;
				SWIFT_OPTIMIZATION_LEVEL = "-Onone";
			};
			name = Debug;
		};
		5287F2841F7E75EA004898AF /* Release */ = {
			isa = XCBuildConfiguration;
			buildSettings = {
				ALWAYS_SEARCH_USER_PATHS = NO;
				CLANG_ANALYZER_NONNULL = YES;
				CLANG_ANALYZER_NUMBER_OBJECT_CONVERSION = YES_AGGRESSIVE;
				CLANG_CXX_LANGUAGE_STANDARD = "gnu++14";
				CLANG_CXX_LIBRARY = "libc++";
				CLANG_ENABLE_MODULES = YES;
				CLANG_ENABLE_OBJC_ARC = YES;
				CLANG_WARN_BLOCK_CAPTURE_AUTORELEASING = YES;
				CLANG_WARN_BOOL_CONVERSION = YES;
				CLANG_WARN_COMMA = YES;
				CLANG_WARN_CONSTANT_CONVERSION = YES;
				CLANG_WARN_DIRECT_OBJC_ISA_USAGE = YES_ERROR;
				CLANG_WARN_DOCUMENTATION_COMMENTS = YES;
				CLANG_WARN_EMPTY_BODY = YES;
				CLANG_WARN_ENUM_CONVERSION = YES;
				CLANG_WARN_INFINITE_RECURSION = YES;
				CLANG_WARN_INT_CONVERSION = YES;
				CLANG_WARN_NON_LITERAL_NULL_CONVERSION = YES;
				CLANG_WARN_OBJC_LITERAL_CONVERSION = YES;
				CLANG_WARN_OBJC_ROOT_CLASS = YES_ERROR;
				CLANG_WARN_RANGE_LOOP_ANALYSIS = YES;
				CLANG_WARN_STRICT_PROTOTYPES = YES;
				CLANG_WARN_SUSPICIOUS_MOVE = YES;
				CLANG_WARN_UNGUARDED_AVAILABILITY = YES_AGGRESSIVE;
				CLANG_WARN_UNREACHABLE_CODE = YES;
				CLANG_WARN__DUPLICATE_METHOD_MATCH = YES;
				CODE_SIGN_IDENTITY = "iPhone Developer";
				COPY_PHASE_STRIP = NO;
				DEBUG_INFORMATION_FORMAT = "dwarf-with-dsym";
				ENABLE_NS_ASSERTIONS = NO;
				ENABLE_STRICT_OBJC_MSGSEND = YES;
				GCC_C_LANGUAGE_STANDARD = gnu11;
				GCC_NO_COMMON_BLOCKS = YES;
				GCC_WARN_64_TO_32_BIT_CONVERSION = YES;
				GCC_WARN_ABOUT_RETURN_TYPE = YES_ERROR;
				GCC_WARN_UNDECLARED_SELECTOR = YES;
				GCC_WARN_UNINITIALIZED_AUTOS = YES_AGGRESSIVE;
				GCC_WARN_UNUSED_FUNCTION = YES;
				GCC_WARN_UNUSED_VARIABLE = YES;
				IPHONEOS_DEPLOYMENT_TARGET = 11.0;
				MTL_ENABLE_DEBUG_INFO = NO;
				SDKROOT = iphoneos;
				SWIFT_OPTIMIZATION_LEVEL = "-Owholemodule";
				VALIDATE_PRODUCT = YES;
			};
			name = Release;
		};
		5287F2861F7E75EA004898AF /* Debug */ = {
			isa = XCBuildConfiguration;
			buildSettings = {
				ASSETCATALOG_COMPILER_APPICON_NAME = AppIcon;
				CODE_SIGN_STYLE = Automatic;
				DEVELOPMENT_TEAM = RE622V9QWD;
				INFOPLIST_FILE = RoleTheDices/Info.plist;
				LD_RUNPATH_SEARCH_PATHS = "$(inherited) @executable_path/Frameworks";
				PRODUCT_BUNDLE_IDENTIFIER = com.develoka.RoleTheDices;
				PRODUCT_NAME = "$(TARGET_NAME)";
				SWIFT_VERSION = 4.0;
				TARGETED_DEVICE_FAMILY = "1,2";
			};
			name = Debug;
		};
		5287F2871F7E75EA004898AF /* Release */ = {
			isa = XCBuildConfiguration;
			buildSettings = {
				ASSETCATALOG_COMPILER_APPICON_NAME = AppIcon;
				CODE_SIGN_STYLE = Automatic;
				DEVELOPMENT_TEAM = RE622V9QWD;
				INFOPLIST_FILE = RoleTheDices/Info.plist;
				LD_RUNPATH_SEARCH_PATHS = "$(inherited) @executable_path/Frameworks";
				PRODUCT_BUNDLE_IDENTIFIER = com.develoka.RoleTheDices;
				PRODUCT_NAME = "$(TARGET_NAME)";
				SWIFT_VERSION = 4.0;
				TARGETED_DEVICE_FAMILY = "1,2";
			};
			name = Release;
		};
/* End XCBuildConfiguration section */

/* Begin XCConfigurationList section */
		5287F26E1F7E75EA004898AF /* Build configuration list for PBXProject "RoleTheDices" */ = {
			isa = XCConfigurationList;
			buildConfigurations = (
				5287F2831F7E75EA004898AF /* Debug */,
				5287F2841F7E75EA004898AF /* Release */,
			);
			defaultConfigurationIsVisible = 0;
			defaultConfigurationName = Release;
		};
		5287F2851F7E75EA004898AF /* Build configuration list for PBXNativeTarget "RoleTheDices" */ = {
			isa = XCConfigurationList;
			buildConfigurations = (
				5287F2861F7E75EA004898AF /* Debug */,
				5287F2871F7E75EA004898AF /* Release */,
			);
			defaultConfigurationIsVisible = 0;
			defaultConfigurationName = Release;
		};
/* End XCConfigurationList section */
	};
	rootObject = 5287F26B1F7E75EA004898AF /* Project object */;
}
